// !$*UTF8*$!
{
	archiveVersion = 1;
	classes = {
	};
	objectVersion = 52;
	objects = {

/* Begin PBXBuildFile section */
		2B1916F1252674B50040CB91 /* OktaProfile.swift in Sources */ = {isa = PBXBuildFile; fileRef = 2B1916F0252674B50040CB91 /* OktaProfile.swift */; };
		2B9487162534D99100712A0D /* RequestContextViewController.swift in Sources */ = {isa = PBXBuildFile; fileRef = 2B9487152534D99100712A0D /* RequestContextViewController.swift */; };
		2B94871B2534F72700712A0D /* RequestMemberViewController.swift in Sources */ = {isa = PBXBuildFile; fileRef = 2B94871A2534F72700712A0D /* RequestMemberViewController.swift */; };
		2B94873B2537781B00712A0D /* AnswerContextTableViewCell.swift in Sources */ = {isa = PBXBuildFile; fileRef = 2B94873A2537781B00712A0D /* AnswerContextTableViewCell.swift */; };
		2BED231325191C17006C5DE8 /* Survey.swift in Sources */ = {isa = PBXBuildFile; fileRef = 2BED230925191C17006C5DE8 /* Survey.swift */; };
		2BED231425191C17006C5DE8 /* Topic.swift in Sources */ = {isa = PBXBuildFile; fileRef = 2BED230A25191C17006C5DE8 /* Topic.swift */; };
		2BED231525191C17006C5DE8 /* Comment.swift in Sources */ = {isa = PBXBuildFile; fileRef = 2BED230B25191C17006C5DE8 /* Comment.swift */; };
		2BED231625191C17006C5DE8 /* Message.swift in Sources */ = {isa = PBXBuildFile; fileRef = 2BED230C25191C17006C5DE8 /* Message.swift */; };
		2BED231725191C17006C5DE8 /* User.swift in Sources */ = {isa = PBXBuildFile; fileRef = 2BED230D25191C17006C5DE8 /* User.swift */; };
		2BED231825191C17006C5DE8 /* Context.swift in Sources */ = {isa = PBXBuildFile; fileRef = 2BED230E25191C17006C5DE8 /* Context.swift */; };
		2BED231925191C17006C5DE8 /* Question.swift in Sources */ = {isa = PBXBuildFile; fileRef = 2BED230F25191C17006C5DE8 /* Question.swift */; };
		2BED231A25191C17006C5DE8 /* Answer.swift in Sources */ = {isa = PBXBuildFile; fileRef = 2BED231025191C17006C5DE8 /* Answer.swift */; };
		2BED231B25191C17006C5DE8 /* TopicResults.swift in Sources */ = {isa = PBXBuildFile; fileRef = 2BED231125191C17006C5DE8 /* TopicResults.swift */; };
		2BED231C25191C17006C5DE8 /* Sender.swift in Sources */ = {isa = PBXBuildFile; fileRef = 2BED231225191C17006C5DE8 /* Sender.swift */; };
		2BED232925191D65006C5DE8 /* OktaAuth in Frameworks */ = {isa = PBXBuildFile; productRef = 2BED232825191D65006C5DE8 /* OktaAuth */; };
		2BED2334251922B4006C5DE8 /* TopicTableViewController.swift in Sources */ = {isa = PBXBuildFile; fileRef = 2BED232D251922B4006C5DE8 /* TopicTableViewController.swift */; };
		2BED2335251922B4006C5DE8 /* ProfileDetailViewController.swift in Sources */ = {isa = PBXBuildFile; fileRef = 2BED232E251922B4006C5DE8 /* ProfileDetailViewController.swift */; };
		2BED2336251922B4006C5DE8 /* SurveyResponseTableViewCell.swift in Sources */ = {isa = PBXBuildFile; fileRef = 2BED232F251922B4006C5DE8 /* SurveyResponseTableViewCell.swift */; };
		2BED2337251922B4006C5DE8 /* ThreadViewController.swift in Sources */ = {isa = PBXBuildFile; fileRef = 2BED2330251922B4006C5DE8 /* ThreadViewController.swift */; };
		2BED2338251922B4006C5DE8 /* HomeViewController.swift in Sources */ = {isa = PBXBuildFile; fileRef = 2BED2331251922B4006C5DE8 /* HomeViewController.swift */; };
		2BED2339251922B4006C5DE8 /* Topics.storyboard in Resources */ = {isa = PBXBuildFile; fileRef = 2BED2332251922B4006C5DE8 /* Topics.storyboard */; };
		2BED233A251922B4006C5DE8 /* SurveyViewController.swift in Sources */ = {isa = PBXBuildFile; fileRef = 2BED2333251922B4006C5DE8 /* SurveyViewController.swift */; };
		2BED23D32523DE15006C5DE8 /* FrequencyTableViewCell.swift in Sources */ = {isa = PBXBuildFile; fileRef = 2BED23D22523DE15006C5DE8 /* FrequencyTableViewCell.swift */; };
		2BED23DE2523E866006C5DE8 /* QuestionsTableViewCell.swift in Sources */ = {isa = PBXBuildFile; fileRef = 2BED23DD2523E866006C5DE8 /* QuestionsTableViewCell.swift */; };
		2C1D074F251D0ED9008B9051 /* SurveyResults.swift in Sources */ = {isa = PBXBuildFile; fileRef = 2C1D074E251D0ED9008B9051 /* SurveyResults.swift */; };
		2C1D0751251D0EE5008B9051 /* QuestionResults.swift in Sources */ = {isa = PBXBuildFile; fileRef = 2C1D0750251D0EE5008B9051 /* QuestionResults.swift */; };
		2C1D0757251D0FDE008B9051 /* UserController+API.swift in Sources */ = {isa = PBXBuildFile; fileRef = 2C1D0756251D0FDE008B9051 /* UserController+API.swift */; };
		2C3469AF252CBAE900FBFF8B /* NetworkDataLoader.swift in Sources */ = {isa = PBXBuildFile; fileRef = 2C3469AE252CBAE900FBFF8B /* NetworkDataLoader.swift */; };
		2C3469B1252CBB4E00FBFF8B /* URLSession+NetworkDataLoader.swift in Sources */ = {isa = PBXBuildFile; fileRef = 2C3469B0252CBB4E00FBFF8B /* URLSession+NetworkDataLoader.swift */; };
		2C3469B3252CBC5400FBFF8B /* MockDataLoader.swift in Sources */ = {isa = PBXBuildFile; fileRef = 2C3469B2252CBC5400FBFF8B /* MockDataLoader.swift */; };
		2C3469B5252CBDE600FBFF8B /* MockJSON.swift in Sources */ = {isa = PBXBuildFile; fileRef = 2C3469B4252CBDE600FBFF8B /* MockJSON.swift */; };
		2C3CAE8E253619A40099ABF4 /* Poppins-Light.ttf in Resources */ = {isa = PBXBuildFile; fileRef = 2C3CAE88253619A30099ABF4 /* Poppins-Light.ttf */; };
		2C3CAE8F253619A40099ABF4 /* Poppins-Bold.ttf in Resources */ = {isa = PBXBuildFile; fileRef = 2C3CAE89253619A30099ABF4 /* Poppins-Bold.ttf */; };
		2C3CAE90253619A40099ABF4 /* Poppins-ExtraBold.ttf in Resources */ = {isa = PBXBuildFile; fileRef = 2C3CAE8A253619A30099ABF4 /* Poppins-ExtraBold.ttf */; };
		2C3CAE91253619A40099ABF4 /* Poppins-Medium.ttf in Resources */ = {isa = PBXBuildFile; fileRef = 2C3CAE8B253619A40099ABF4 /* Poppins-Medium.ttf */; };
		2C3CAE92253619A40099ABF4 /* Poppins-Regular.ttf in Resources */ = {isa = PBXBuildFile; fileRef = 2C3CAE8C253619A40099ABF4 /* Poppins-Regular.ttf */; };
		2C3CAE93253619A40099ABF4 /* Poppins-SemiBold.ttf in Resources */ = {isa = PBXBuildFile; fileRef = 2C3CAE8D253619A40099ABF4 /* Poppins-SemiBold.ttf */; };
		2C429DFE25082A2D002D7F00 /* Wizard.storyboard in Resources */ = {isa = PBXBuildFile; fileRef = 2C429DFD25082A2D002D7F00 /* Wizard.storyboard */; };
		2C61BEFB2523B94200460C2B /* NetworkingTests.swift in Sources */ = {isa = PBXBuildFile; fileRef = 2C61BEFA2523B94200460C2B /* NetworkingTests.swift */; };
		2C61BF072523C44200460C2B /* MemberQuestionsViewController.swift in Sources */ = {isa = PBXBuildFile; fileRef = 2C61BF022523C44100460C2B /* MemberQuestionsViewController.swift */; };
		2C61BF082523C44200460C2B /* ContextQuestionsViewController.swift in Sources */ = {isa = PBXBuildFile; fileRef = 2C61BF032523C44200460C2B /* ContextQuestionsViewController.swift */; };
		2C61BF092523C44200460C2B /* NameTopicViewController.swift in Sources */ = {isa = PBXBuildFile; fileRef = 2C61BF042523C44200460C2B /* NameTopicViewController.swift */; };
		2C61BF0A2523C44200460C2B /* NewTopicViewController.swift in Sources */ = {isa = PBXBuildFile; fileRef = 2C61BF052523C44200460C2B /* NewTopicViewController.swift */; };
		2C61BF0B2523C44200460C2B /* TopicCodeViewController.swift in Sources */ = {isa = PBXBuildFile; fileRef = 2C61BF062523C44200460C2B /* TopicCodeViewController.swift */; };
		2C61BF0E2523CA9C00460C2B /* ContextResults.swift in Sources */ = {isa = PBXBuildFile; fileRef = 2C61BF0D2523CA9C00460C2B /* ContextResults.swift */; };
		2C7916A82535048D00830C51 /* MemberAnswersTableViewCell.swift in Sources */ = {isa = PBXBuildFile; fileRef = 2C7916A72535048D00830C51 /* MemberAnswersTableViewCell.swift */; };
		2C984FE6252F825300A462A1 /* AnswerResults.swift in Sources */ = {isa = PBXBuildFile; fileRef = 2C984FE5252F825300A462A1 /* AnswerResults.swift */; };
		2CA3591E25311F1A001A5537 /* LeaderAnswersViewController.swift in Sources */ = {isa = PBXBuildFile; fileRef = 2CA3591D25311F1A001A5537 /* LeaderAnswersViewController.swift */; };
		2CA3592225311FD8001A5537 /* AnswersTableViewCell.swift in Sources */ = {isa = PBXBuildFile; fileRef = 2CA3592125311FD8001A5537 /* AnswersTableViewCell.swift */; };
		2CDE16472534D08E00B61AD2 /* MemberAnswersViewController.swift in Sources */ = {isa = PBXBuildFile; fileRef = 2CDE16462534D08E00B61AD2 /* MemberAnswersViewController.swift */; };
		463AD24524CF2CDB00447BB8 /* AddProfileViewController.swift in Sources */ = {isa = PBXBuildFile; fileRef = 463AD24424CF2CDB00447BB8 /* AddProfileViewController.swift */; };
		466C4274249A8748007D033E /* AppDelegate.swift in Sources */ = {isa = PBXBuildFile; fileRef = 466C4273249A8748007D033E /* AppDelegate.swift */; };
		466C4276249A8748007D033E /* SceneDelegate.swift in Sources */ = {isa = PBXBuildFile; fileRef = 466C4275249A8748007D033E /* SceneDelegate.swift */; };
		466C427B249A8748007D033E /* Main.storyboard in Resources */ = {isa = PBXBuildFile; fileRef = 466C4279249A8748007D033E /* Main.storyboard */; };
		466C427D249A8749007D033E /* Assets.xcassets in Resources */ = {isa = PBXBuildFile; fileRef = 466C427C249A8749007D033E /* Assets.xcassets */; };
		466C4280249A8749007D033E /* LaunchScreen.storyboard in Resources */ = {isa = PBXBuildFile; fileRef = 466C427E249A8749007D033E /* LaunchScreen.storyboard */; };
		46BEB4E524C98CDC00FE0CD1 /* LoginViewController.swift in Sources */ = {isa = PBXBuildFile; fileRef = 46BEB4E424C98CDC00FE0CD1 /* LoginViewController.swift */; };
		46BEB4E724C98D8900FE0CD1 /* Notifications.swift in Sources */ = {isa = PBXBuildFile; fileRef = 46BEB4E624C98D8900FE0CD1 /* Notifications.swift */; };
		46BEB4EE24C98ECC00FE0CD1 /* UserController.swift in Sources */ = {isa = PBXBuildFile; fileRef = 46BEB4ED24C98ECC00FE0CD1 /* UserController.swift */; };
		46BF10BE24D388FF001C6753 /* UIViewController+SimpleAlert.swift in Sources */ = {isa = PBXBuildFile; fileRef = 46BF10BD24D388FF001C6753 /* UIViewController+SimpleAlert.swift */; };
		46C2BC9224D432F90077E49D /* ProfileTabBarViewController.swift in Sources */ = {isa = PBXBuildFile; fileRef = 46C2BC9124D432F90077E49D /* ProfileTabBarViewController.swift */; };
		FC061DE9D1895C62F4ABC064 /* Pods_labs_ios_starter.framework in Frameworks */ = {isa = PBXBuildFile; fileRef = BA2C39056ABD797B15916D44 /* Pods_labs_ios_starter.framework */; };
/* End PBXBuildFile section */

/* Begin PBXContainerItemProxy section */
		2C61BEFD2523B94200460C2B /* PBXContainerItemProxy */ = {
			isa = PBXContainerItemProxy;
			containerPortal = 466C4268249A8748007D033E /* Project object */;
			proxyType = 1;
			remoteGlobalIDString = 466C426F249A8748007D033E;
			remoteInfo = "labs-ios-starter";
		};
		2C87489825239B7F0021889C /* PBXContainerItemProxy */ = {
			isa = PBXContainerItemProxy;
			containerPortal = 466C4268249A8748007D033E /* Project object */;
			proxyType = 1;
			remoteGlobalIDString = 466C426F249A8748007D033E;
			remoteInfo = "labs-ios-starter";
		};
/* End PBXContainerItemProxy section */

/* Begin PBXFileReference section */
		2B1916F0252674B50040CB91 /* OktaProfile.swift */ = {isa = PBXFileReference; lastKnownFileType = sourcecode.swift; path = OktaProfile.swift; sourceTree = "<group>"; };
		2B9487152534D99100712A0D /* RequestContextViewController.swift */ = {isa = PBXFileReference; lastKnownFileType = sourcecode.swift; path = RequestContextViewController.swift; sourceTree = "<group>"; };
		2B94871A2534F72700712A0D /* RequestMemberViewController.swift */ = {isa = PBXFileReference; lastKnownFileType = sourcecode.swift; path = RequestMemberViewController.swift; sourceTree = "<group>"; };
		2B94873A2537781B00712A0D /* AnswerContextTableViewCell.swift */ = {isa = PBXFileReference; lastKnownFileType = sourcecode.swift; path = AnswerContextTableViewCell.swift; sourceTree = "<group>"; };
		2BED230925191C17006C5DE8 /* Survey.swift */ = {isa = PBXFileReference; fileEncoding = 4; lastKnownFileType = sourcecode.swift; path = Survey.swift; sourceTree = "<group>"; };
		2BED230A25191C17006C5DE8 /* Topic.swift */ = {isa = PBXFileReference; fileEncoding = 4; lastKnownFileType = sourcecode.swift; path = Topic.swift; sourceTree = "<group>"; };
		2BED230B25191C17006C5DE8 /* Comment.swift */ = {isa = PBXFileReference; fileEncoding = 4; lastKnownFileType = sourcecode.swift; path = Comment.swift; sourceTree = "<group>"; };
		2BED230C25191C17006C5DE8 /* Message.swift */ = {isa = PBXFileReference; fileEncoding = 4; lastKnownFileType = sourcecode.swift; path = Message.swift; sourceTree = "<group>"; };
		2BED230D25191C17006C5DE8 /* User.swift */ = {isa = PBXFileReference; fileEncoding = 4; lastKnownFileType = sourcecode.swift; path = User.swift; sourceTree = "<group>"; };
		2BED230E25191C17006C5DE8 /* Context.swift */ = {isa = PBXFileReference; fileEncoding = 4; lastKnownFileType = sourcecode.swift; path = Context.swift; sourceTree = "<group>"; };
		2BED230F25191C17006C5DE8 /* Question.swift */ = {isa = PBXFileReference; fileEncoding = 4; lastKnownFileType = sourcecode.swift; path = Question.swift; sourceTree = "<group>"; };
		2BED231025191C17006C5DE8 /* Answer.swift */ = {isa = PBXFileReference; fileEncoding = 4; lastKnownFileType = sourcecode.swift; path = Answer.swift; sourceTree = "<group>"; };
		2BED231125191C17006C5DE8 /* TopicResults.swift */ = {isa = PBXFileReference; fileEncoding = 4; lastKnownFileType = sourcecode.swift; path = TopicResults.swift; sourceTree = "<group>"; };
		2BED231225191C17006C5DE8 /* Sender.swift */ = {isa = PBXFileReference; fileEncoding = 4; lastKnownFileType = sourcecode.swift; path = Sender.swift; sourceTree = "<group>"; };
		2BED232D251922B4006C5DE8 /* TopicTableViewController.swift */ = {isa = PBXFileReference; fileEncoding = 4; lastKnownFileType = sourcecode.swift; path = TopicTableViewController.swift; sourceTree = "<group>"; };
		2BED232E251922B4006C5DE8 /* ProfileDetailViewController.swift */ = {isa = PBXFileReference; fileEncoding = 4; lastKnownFileType = sourcecode.swift; path = ProfileDetailViewController.swift; sourceTree = "<group>"; };
		2BED232F251922B4006C5DE8 /* SurveyResponseTableViewCell.swift */ = {isa = PBXFileReference; fileEncoding = 4; lastKnownFileType = sourcecode.swift; path = SurveyResponseTableViewCell.swift; sourceTree = "<group>"; };
		2BED2330251922B4006C5DE8 /* ThreadViewController.swift */ = {isa = PBXFileReference; fileEncoding = 4; lastKnownFileType = sourcecode.swift; path = ThreadViewController.swift; sourceTree = "<group>"; };
		2BED2331251922B4006C5DE8 /* HomeViewController.swift */ = {isa = PBXFileReference; fileEncoding = 4; lastKnownFileType = sourcecode.swift; path = HomeViewController.swift; sourceTree = "<group>"; };
		2BED2332251922B4006C5DE8 /* Topics.storyboard */ = {isa = PBXFileReference; fileEncoding = 4; lastKnownFileType = file.storyboard; path = Topics.storyboard; sourceTree = "<group>"; };
		2BED2333251922B4006C5DE8 /* SurveyViewController.swift */ = {isa = PBXFileReference; fileEncoding = 4; lastKnownFileType = sourcecode.swift; path = SurveyViewController.swift; sourceTree = "<group>"; };
		2BED23D22523DE15006C5DE8 /* FrequencyTableViewCell.swift */ = {isa = PBXFileReference; lastKnownFileType = sourcecode.swift; path = FrequencyTableViewCell.swift; sourceTree = "<group>"; };
		2BED23DD2523E866006C5DE8 /* QuestionsTableViewCell.swift */ = {isa = PBXFileReference; lastKnownFileType = sourcecode.swift; path = QuestionsTableViewCell.swift; sourceTree = "<group>"; };
		2C1D074E251D0ED9008B9051 /* SurveyResults.swift */ = {isa = PBXFileReference; fileEncoding = 4; lastKnownFileType = sourcecode.swift; path = SurveyResults.swift; sourceTree = "<group>"; };
		2C1D0750251D0EE5008B9051 /* QuestionResults.swift */ = {isa = PBXFileReference; fileEncoding = 4; lastKnownFileType = sourcecode.swift; path = QuestionResults.swift; sourceTree = "<group>"; };
		2C1D0756251D0FDE008B9051 /* UserController+API.swift */ = {isa = PBXFileReference; fileEncoding = 4; lastKnownFileType = sourcecode.swift; path = "UserController+API.swift"; sourceTree = "<group>"; };
		2C3469AE252CBAE900FBFF8B /* NetworkDataLoader.swift */ = {isa = PBXFileReference; lastKnownFileType = sourcecode.swift; path = NetworkDataLoader.swift; sourceTree = "<group>"; };
		2C3469B0252CBB4E00FBFF8B /* URLSession+NetworkDataLoader.swift */ = {isa = PBXFileReference; lastKnownFileType = sourcecode.swift; path = "URLSession+NetworkDataLoader.swift"; sourceTree = "<group>"; };
		2C3469B2252CBC5400FBFF8B /* MockDataLoader.swift */ = {isa = PBXFileReference; lastKnownFileType = sourcecode.swift; path = MockDataLoader.swift; sourceTree = "<group>"; };
		2C3469B4252CBDE600FBFF8B /* MockJSON.swift */ = {isa = PBXFileReference; lastKnownFileType = sourcecode.swift; path = MockJSON.swift; sourceTree = "<group>"; };
		2C3CAE88253619A30099ABF4 /* Poppins-Light.ttf */ = {isa = PBXFileReference; lastKnownFileType = file; path = "Poppins-Light.ttf"; sourceTree = "<group>"; };
		2C3CAE89253619A30099ABF4 /* Poppins-Bold.ttf */ = {isa = PBXFileReference; lastKnownFileType = file; path = "Poppins-Bold.ttf"; sourceTree = "<group>"; };
		2C3CAE8A253619A30099ABF4 /* Poppins-ExtraBold.ttf */ = {isa = PBXFileReference; lastKnownFileType = file; path = "Poppins-ExtraBold.ttf"; sourceTree = "<group>"; };
		2C3CAE8B253619A40099ABF4 /* Poppins-Medium.ttf */ = {isa = PBXFileReference; lastKnownFileType = file; path = "Poppins-Medium.ttf"; sourceTree = "<group>"; };
		2C3CAE8C253619A40099ABF4 /* Poppins-Regular.ttf */ = {isa = PBXFileReference; lastKnownFileType = file; path = "Poppins-Regular.ttf"; sourceTree = "<group>"; };
		2C3CAE8D253619A40099ABF4 /* Poppins-SemiBold.ttf */ = {isa = PBXFileReference; lastKnownFileType = file; path = "Poppins-SemiBold.ttf"; sourceTree = "<group>"; };
		2C429DFD25082A2D002D7F00 /* Wizard.storyboard */ = {isa = PBXFileReference; lastKnownFileType = file.storyboard; path = Wizard.storyboard; sourceTree = "<group>"; };
		2C61BEF82523B94200460C2B /* NetworkingTests.xctest */ = {isa = PBXFileReference; explicitFileType = wrapper.cfbundle; includeInIndex = 0; path = NetworkingTests.xctest; sourceTree = BUILT_PRODUCTS_DIR; };
		2C61BEFA2523B94200460C2B /* NetworkingTests.swift */ = {isa = PBXFileReference; lastKnownFileType = sourcecode.swift; path = NetworkingTests.swift; sourceTree = "<group>"; };
		2C61BEFC2523B94200460C2B /* Info.plist */ = {isa = PBXFileReference; lastKnownFileType = text.plist.xml; path = Info.plist; sourceTree = "<group>"; };
		2C61BF022523C44100460C2B /* MemberQuestionsViewController.swift */ = {isa = PBXFileReference; fileEncoding = 4; lastKnownFileType = sourcecode.swift; path = MemberQuestionsViewController.swift; sourceTree = "<group>"; };
		2C61BF032523C44200460C2B /* ContextQuestionsViewController.swift */ = {isa = PBXFileReference; fileEncoding = 4; lastKnownFileType = sourcecode.swift; path = ContextQuestionsViewController.swift; sourceTree = "<group>"; };
		2C61BF042523C44200460C2B /* NameTopicViewController.swift */ = {isa = PBXFileReference; fileEncoding = 4; lastKnownFileType = sourcecode.swift; path = NameTopicViewController.swift; sourceTree = "<group>"; };
		2C61BF052523C44200460C2B /* NewTopicViewController.swift */ = {isa = PBXFileReference; fileEncoding = 4; lastKnownFileType = sourcecode.swift; path = NewTopicViewController.swift; sourceTree = "<group>"; };
		2C61BF062523C44200460C2B /* TopicCodeViewController.swift */ = {isa = PBXFileReference; fileEncoding = 4; lastKnownFileType = sourcecode.swift; path = TopicCodeViewController.swift; sourceTree = "<group>"; };
		2C61BF0D2523CA9C00460C2B /* ContextResults.swift */ = {isa = PBXFileReference; lastKnownFileType = sourcecode.swift; path = ContextResults.swift; sourceTree = "<group>"; };
		2C7916A72535048D00830C51 /* MemberAnswersTableViewCell.swift */ = {isa = PBXFileReference; lastKnownFileType = sourcecode.swift; path = MemberAnswersTableViewCell.swift; sourceTree = "<group>"; };
		2C87489325239B7F0021889C /* labs-ios-starterTests.xctest */ = {isa = PBXFileReference; explicitFileType = wrapper.cfbundle; includeInIndex = 0; path = "labs-ios-starterTests.xctest"; sourceTree = BUILT_PRODUCTS_DIR; };
		2C984FE5252F825300A462A1 /* AnswerResults.swift */ = {isa = PBXFileReference; lastKnownFileType = sourcecode.swift; path = AnswerResults.swift; sourceTree = "<group>"; };
		2CA3591D25311F1A001A5537 /* LeaderAnswersViewController.swift */ = {isa = PBXFileReference; lastKnownFileType = sourcecode.swift; path = LeaderAnswersViewController.swift; sourceTree = "<group>"; };
		2CA3592125311FD8001A5537 /* AnswersTableViewCell.swift */ = {isa = PBXFileReference; lastKnownFileType = sourcecode.swift; path = AnswersTableViewCell.swift; sourceTree = "<group>"; };
		2CDE16462534D08E00B61AD2 /* MemberAnswersViewController.swift */ = {isa = PBXFileReference; lastKnownFileType = sourcecode.swift; path = MemberAnswersViewController.swift; sourceTree = "<group>"; };
		463AD24424CF2CDB00447BB8 /* AddProfileViewController.swift */ = {isa = PBXFileReference; lastKnownFileType = sourcecode.swift; path = AddProfileViewController.swift; sourceTree = "<group>"; };
		466C4270249A8748007D033E /* labs-ios-starter.app */ = {isa = PBXFileReference; explicitFileType = wrapper.application; includeInIndex = 0; path = "labs-ios-starter.app"; sourceTree = BUILT_PRODUCTS_DIR; };
		466C4273249A8748007D033E /* AppDelegate.swift */ = {isa = PBXFileReference; lastKnownFileType = sourcecode.swift; path = AppDelegate.swift; sourceTree = "<group>"; };
		466C4275249A8748007D033E /* SceneDelegate.swift */ = {isa = PBXFileReference; lastKnownFileType = sourcecode.swift; path = SceneDelegate.swift; sourceTree = "<group>"; };
		466C427A249A8748007D033E /* Base */ = {isa = PBXFileReference; lastKnownFileType = file.storyboard; name = Base; path = Base.lproj/Main.storyboard; sourceTree = "<group>"; };
		466C427C249A8749007D033E /* Assets.xcassets */ = {isa = PBXFileReference; lastKnownFileType = folder.assetcatalog; path = Assets.xcassets; sourceTree = "<group>"; };
		466C427F249A8749007D033E /* Base */ = {isa = PBXFileReference; lastKnownFileType = file.storyboard; name = Base; path = Base.lproj/LaunchScreen.storyboard; sourceTree = "<group>"; };
		466C4281249A8749007D033E /* Info.plist */ = {isa = PBXFileReference; lastKnownFileType = text.plist.xml; path = Info.plist; sourceTree = "<group>"; };
		466C4287249A889F007D033E /* File Organization.md */ = {isa = PBXFileReference; lastKnownFileType = net.daringfireball.markdown; path = "File Organization.md"; sourceTree = "<group>"; };
		46BEB4E424C98CDC00FE0CD1 /* LoginViewController.swift */ = {isa = PBXFileReference; lastKnownFileType = sourcecode.swift; path = LoginViewController.swift; sourceTree = "<group>"; };
		46BEB4E624C98D8900FE0CD1 /* Notifications.swift */ = {isa = PBXFileReference; lastKnownFileType = sourcecode.swift; path = Notifications.swift; sourceTree = "<group>"; };
		46BEB4ED24C98ECC00FE0CD1 /* UserController.swift */ = {isa = PBXFileReference; fileEncoding = 4; lastKnownFileType = sourcecode.swift; path = UserController.swift; sourceTree = "<group>"; };
		46BF10BD24D388FF001C6753 /* UIViewController+SimpleAlert.swift */ = {isa = PBXFileReference; lastKnownFileType = sourcecode.swift; path = "UIViewController+SimpleAlert.swift"; sourceTree = "<group>"; };
		46C2BC9124D432F90077E49D /* ProfileTabBarViewController.swift */ = {isa = PBXFileReference; lastKnownFileType = sourcecode.swift; path = ProfileTabBarViewController.swift; sourceTree = "<group>"; };
		BA2C39056ABD797B15916D44 /* Pods_labs_ios_starter.framework */ = {isa = PBXFileReference; explicitFileType = wrapper.framework; includeInIndex = 0; path = Pods_labs_ios_starter.framework; sourceTree = BUILT_PRODUCTS_DIR; };
		CFEB7377A2439DFB72A0026F /* Pods-labs-ios-starter.debug.xcconfig */ = {isa = PBXFileReference; includeInIndex = 1; lastKnownFileType = text.xcconfig; name = "Pods-labs-ios-starter.debug.xcconfig"; path = "Target Support Files/Pods-labs-ios-starter/Pods-labs-ios-starter.debug.xcconfig"; sourceTree = "<group>"; };
		FCCD66662884B1EBA13EDBD8 /* Pods-labs-ios-starter.release.xcconfig */ = {isa = PBXFileReference; includeInIndex = 1; lastKnownFileType = text.xcconfig; name = "Pods-labs-ios-starter.release.xcconfig"; path = "Target Support Files/Pods-labs-ios-starter/Pods-labs-ios-starter.release.xcconfig"; sourceTree = "<group>"; };
/* End PBXFileReference section */

/* Begin PBXFrameworksBuildPhase section */
		2C61BEF52523B94200460C2B /* Frameworks */ = {
			isa = PBXFrameworksBuildPhase;
			buildActionMask = 2147483647;
			files = (
			);
			runOnlyForDeploymentPostprocessing = 0;
		};
		2C87489025239B7F0021889C /* Frameworks */ = {
			isa = PBXFrameworksBuildPhase;
			buildActionMask = 2147483647;
			files = (
			);
			runOnlyForDeploymentPostprocessing = 0;
		};
		466C426D249A8748007D033E /* Frameworks */ = {
			isa = PBXFrameworksBuildPhase;
			buildActionMask = 2147483647;
			files = (
				FC061DE9D1895C62F4ABC064 /* Pods_labs_ios_starter.framework in Frameworks */,
				2BED232925191D65006C5DE8 /* OktaAuth in Frameworks */,
			);
			runOnlyForDeploymentPostprocessing = 0;
		};
/* End PBXFrameworksBuildPhase section */

/* Begin PBXGroup section */
		2B94871F2534F73000712A0D /* SurveyRequests */ = {
			isa = PBXGroup;
			children = (
				2B9487152534D99100712A0D /* RequestContextViewController.swift */,
				2B94871A2534F72700712A0D /* RequestMemberViewController.swift */,
				2B94873A2537781B00712A0D /* AnswerContextTableViewCell.swift */,
			);
			path = SurveyRequests;
			sourceTree = "<group>";
		};
		2BED232C251922B4006C5DE8 /* Topics */ = {
			isa = PBXGroup;
			children = (
				2CA3592125311FD8001A5537 /* AnswersTableViewCell.swift */,
				2BED2332251922B4006C5DE8 /* Topics.storyboard */,
				2BED2331251922B4006C5DE8 /* HomeViewController.swift */,
				2BED232D251922B4006C5DE8 /* TopicTableViewController.swift */,
				2BED2333251922B4006C5DE8 /* SurveyViewController.swift */,
				2CA3591D25311F1A001A5537 /* LeaderAnswersViewController.swift */,
				2BED2330251922B4006C5DE8 /* ThreadViewController.swift */,
				2BED232E251922B4006C5DE8 /* ProfileDetailViewController.swift */,
				2B94871F2534F73000712A0D /* SurveyRequests */,
				2CDE16462534D08E00B61AD2 /* MemberAnswersViewController.swift */,
				2CA3592125311FD8001A5537 /* AnswersTableViewCell.swift */,
				2BED232F251922B4006C5DE8 /* SurveyResponseTableViewCell.swift */,
				2C7916A72535048D00830C51 /* MemberAnswersTableViewCell.swift */,
			);
			path = Topics;
			sourceTree = "<group>";
		};
		2BED23C0251D1220006C5DE8 /* Question */ = {
			isa = PBXGroup;
			children = (
				2BED230F25191C17006C5DE8 /* Question.swift */,
				2C1D0750251D0EE5008B9051 /* QuestionResults.swift */,
			);
			name = Question;
			sourceTree = "<group>";
		};
		2BED23C1251D1236006C5DE8 /* Survey */ = {
			isa = PBXGroup;
			children = (
				2BED230925191C17006C5DE8 /* Survey.swift */,
				2C1D074E251D0ED9008B9051 /* SurveyResults.swift */,
			);
			name = Survey;
			sourceTree = "<group>";
		};
		2BED23C2251D1243006C5DE8 /* Topic */ = {
			isa = PBXGroup;
			children = (
				2BED230A25191C17006C5DE8 /* Topic.swift */,
				2BED231125191C17006C5DE8 /* TopicResults.swift */,
			);
			name = Topic;
			sourceTree = "<group>";
		};
		2C3469AD252CBA9D00FBFF8B /* Mocking */ = {
			isa = PBXGroup;
			children = (
				2C3469AE252CBAE900FBFF8B /* NetworkDataLoader.swift */,
				2C3469B0252CBB4E00FBFF8B /* URLSession+NetworkDataLoader.swift */,
			);
			path = Mocking;
			sourceTree = "<group>";
		};
		2C3CAE872536195D0099ABF4 /* Fonts */ = {
			isa = PBXGroup;
			children = (
				2C3CAE89253619A30099ABF4 /* Poppins-Bold.ttf */,
				2C3CAE8A253619A30099ABF4 /* Poppins-ExtraBold.ttf */,
				2C3CAE88253619A30099ABF4 /* Poppins-Light.ttf */,
				2C3CAE8B253619A40099ABF4 /* Poppins-Medium.ttf */,
				2C3CAE8C253619A40099ABF4 /* Poppins-Regular.ttf */,
				2C3CAE8D253619A40099ABF4 /* Poppins-SemiBold.ttf */,
			);
			path = Fonts;
			sourceTree = "<group>";
		};
		2C429DFC25082A16002D7F00 /* Wizard */ = {
			isa = PBXGroup;
			children = (
				2C429DFD25082A2D002D7F00 /* Wizard.storyboard */,
				2C61BF052523C44200460C2B /* NewTopicViewController.swift */,
				2C61BF042523C44200460C2B /* NameTopicViewController.swift */,
				2BED23D22523DE15006C5DE8 /* FrequencyTableViewCell.swift */,
				2C61BF032523C44200460C2B /* ContextQuestionsViewController.swift */,
				2C61BF022523C44100460C2B /* MemberQuestionsViewController.swift */,
				2BED23DD2523E866006C5DE8 /* QuestionsTableViewCell.swift */,
				2C61BF062523C44200460C2B /* TopicCodeViewController.swift */,
			);
			path = Wizard;
			sourceTree = "<group>";
		};
		2C61BEF92523B94200460C2B /* NetworkingTests */ = {
			isa = PBXGroup;
			children = (
				2C61BEFA2523B94200460C2B /* NetworkingTests.swift */,
				2C3469B2252CBC5400FBFF8B /* MockDataLoader.swift */,
				2C3469B4252CBDE600FBFF8B /* MockJSON.swift */,
				2C61BEFC2523B94200460C2B /* Info.plist */,
			);
			path = NetworkingTests;
			sourceTree = "<group>";
		};
		2C61BF0C2523CA8900460C2B /* Context */ = {
			isa = PBXGroup;
			children = (
				2BED230E25191C17006C5DE8 /* Context.swift */,
				2C61BF0D2523CA9C00460C2B /* ContextResults.swift */,
			);
			name = Context;
			sourceTree = "<group>";
		};
		2C984FE4252F822300A462A1 /* Answer */ = {
			isa = PBXGroup;
			children = (
				2BED231025191C17006C5DE8 /* Answer.swift */,
				2C984FE5252F825300A462A1 /* AnswerResults.swift */,
			);
			name = Answer;
			sourceTree = "<group>";
		};
		465DAA2724BD0BC100D94C24 /* App Lifecycle */ = {
			isa = PBXGroup;
			children = (
				466C4273249A8748007D033E /* AppDelegate.swift */,
				466C4275249A8748007D033E /* SceneDelegate.swift */,
				466C427E249A8749007D033E /* LaunchScreen.storyboard */,
			);
			path = "App Lifecycle";
			sourceTree = "<group>";
		};
		466C4267249A8748007D033E = {
			isa = PBXGroup;
			children = (
				466C4272249A8748007D033E /* labs-ios-starter */,
				2C61BEF92523B94200460C2B /* NetworkingTests */,
				466C4271249A8748007D033E /* Products */,
				6E9B07BC5BE4482D9FC8C06C /* Pods */,
				8A3419D79D6EAC8CAB3E0984 /* Frameworks */,
			);
			sourceTree = "<group>";
		};
		466C4271249A8748007D033E /* Products */ = {
			isa = PBXGroup;
			children = (
				466C4270249A8748007D033E /* labs-ios-starter.app */,
				2C87489325239B7F0021889C /* labs-ios-starterTests.xctest */,
				2C61BEF82523B94200460C2B /* NetworkingTests.xctest */,
			);
			name = Products;
			sourceTree = "<group>";
		};
		466C4272249A8748007D033E /* labs-ios-starter */ = {
			isa = PBXGroup;
			children = (
				46BEB4EB24C98EB400FE0CD1 /* Model */,
				46BEB4EC24C98EBB00FE0CD1 /* Model Controller */,
				46BEB4EF24C98ED900FE0CD1 /* Login */,
				2C429DFC25082A16002D7F00 /* Wizard */,
				2BED232C251922B4006C5DE8 /* Topics */,
				46BEB4EA24C98EA300FE0CD1 /* Helpers */,
				465DAA2724BD0BC100D94C24 /* App Lifecycle */,
				2C3469AD252CBA9D00FBFF8B /* Mocking */,
				2C3CAE872536195D0099ABF4 /* Fonts */,
				466C427C249A8749007D033E /* Assets.xcassets */,
				466C4281249A8749007D033E /* Info.plist */,
				466C4287249A889F007D033E /* File Organization.md */,
			);
			path = "labs-ios-starter";
			sourceTree = "<group>";
		};
		46BEB4EA24C98EA300FE0CD1 /* Helpers */ = {
			isa = PBXGroup;
			children = (
				46BEB4E624C98D8900FE0CD1 /* Notifications.swift */,
				46BF10BD24D388FF001C6753 /* UIViewController+SimpleAlert.swift */,
			);
			path = Helpers;
			sourceTree = "<group>";
		};
		46BEB4EB24C98EB400FE0CD1 /* Model */ = {
			isa = PBXGroup;
			children = (
				2B1916F0252674B50040CB91 /* OktaProfile.swift */,
				2BED230D25191C17006C5DE8 /* User.swift */,
				2BED23C2251D1243006C5DE8 /* Topic */,
				2BED23C1251D1236006C5DE8 /* Survey */,
				2BED23C0251D1220006C5DE8 /* Question */,
				2BED230B25191C17006C5DE8 /* Comment.swift */,
				2C61BF0C2523CA8900460C2B /* Context */,
				2C984FE4252F822300A462A1 /* Answer */,
				2BED230C25191C17006C5DE8 /* Message.swift */,
				2BED231225191C17006C5DE8 /* Sender.swift */,
			);
			path = Model;
			sourceTree = "<group>";
		};
		46BEB4EC24C98EBB00FE0CD1 /* Model Controller */ = {
			isa = PBXGroup;
			children = (
				46BEB4ED24C98ECC00FE0CD1 /* UserController.swift */,
				2C1D0756251D0FDE008B9051 /* UserController+API.swift */,
			);
			path = "Model Controller";
			sourceTree = "<group>";
		};
		46BEB4EF24C98ED900FE0CD1 /* Login */ = {
			isa = PBXGroup;
			children = (
				466C4279249A8748007D033E /* Main.storyboard */,
				46BEB4E424C98CDC00FE0CD1 /* LoginViewController.swift */,
				463AD24424CF2CDB00447BB8 /* AddProfileViewController.swift */,
				46C2BC9124D432F90077E49D /* ProfileTabBarViewController.swift */,
			);
			path = Login;
			sourceTree = "<group>";
		};
		6E9B07BC5BE4482D9FC8C06C /* Pods */ = {
			isa = PBXGroup;
			children = (
				CFEB7377A2439DFB72A0026F /* Pods-labs-ios-starter.debug.xcconfig */,
				FCCD66662884B1EBA13EDBD8 /* Pods-labs-ios-starter.release.xcconfig */,
			);
			path = Pods;
			sourceTree = "<group>";
		};
		8A3419D79D6EAC8CAB3E0984 /* Frameworks */ = {
			isa = PBXGroup;
			children = (
				BA2C39056ABD797B15916D44 /* Pods_labs_ios_starter.framework */,
			);
			name = Frameworks;
			sourceTree = "<group>";
		};
/* End PBXGroup section */

/* Begin PBXNativeTarget section */
		2C61BEF72523B94200460C2B /* NetworkingTests */ = {
			isa = PBXNativeTarget;
			buildConfigurationList = 2C61BF012523B94200460C2B /* Build configuration list for PBXNativeTarget "NetworkingTests" */;
			buildPhases = (
				2C61BEF42523B94200460C2B /* Sources */,
				2C61BEF52523B94200460C2B /* Frameworks */,
				2C61BEF62523B94200460C2B /* Resources */,
			);
			buildRules = (
			);
			dependencies = (
				2C61BEFE2523B94200460C2B /* PBXTargetDependency */,
			);
			name = NetworkingTests;
			productName = NetworkingTests;
			productReference = 2C61BEF82523B94200460C2B /* NetworkingTests.xctest */;
			productType = "com.apple.product-type.bundle.unit-test";
		};
		2C87489225239B7F0021889C /* labs-ios-starterTests */ = {
			isa = PBXNativeTarget;
			buildConfigurationList = 2C87489A25239B7F0021889C /* Build configuration list for PBXNativeTarget "labs-ios-starterTests" */;
			buildPhases = (
				2C87488F25239B7F0021889C /* Sources */,
				2C87489025239B7F0021889C /* Frameworks */,
				2C87489125239B7F0021889C /* Resources */,
			);
			buildRules = (
			);
			dependencies = (
				2C87489925239B7F0021889C /* PBXTargetDependency */,
			);
			name = "labs-ios-starterTests";
			productName = "labs-ios-starterTests";
			productReference = 2C87489325239B7F0021889C /* labs-ios-starterTests.xctest */;
			productType = "com.apple.product-type.bundle.unit-test";
		};
		466C426F249A8748007D033E /* labs-ios-starter */ = {
			isa = PBXNativeTarget;
			buildConfigurationList = 466C4284249A8749007D033E /* Build configuration list for PBXNativeTarget "labs-ios-starter" */;
			buildPhases = (
				8ABAD098D9A33519C67597CE /* [CP] Check Pods Manifest.lock */,
				466C426C249A8748007D033E /* Sources */,
				466C426D249A8748007D033E /* Frameworks */,
				466C426E249A8748007D033E /* Resources */,
				F4EC14750FFB56AF38B1C0CB /* [CP] Embed Pods Frameworks */,
			);
			buildRules = (
			);
			dependencies = (
			);
			name = "labs-ios-starter";
			packageProductDependencies = (
				2BED232825191D65006C5DE8 /* OktaAuth */,
			);
			productName = LabsScaffolding;
			productReference = 466C4270249A8748007D033E /* labs-ios-starter.app */;
			productType = "com.apple.product-type.application";
		};
/* End PBXNativeTarget section */

/* Begin PBXProject section */
		466C4268249A8748007D033E /* Project object */ = {
			isa = PBXProject;
			attributes = {
				LastSwiftUpdateCheck = 1160;
				LastUpgradeCheck = 1150;
				ORGANIZATIONNAME = "Spencer Curtis";
				TargetAttributes = {
					2C61BEF72523B94200460C2B = {
						CreatedOnToolsVersion = 11.6;
						TestTargetID = 466C426F249A8748007D033E;
					};
					2C87489225239B7F0021889C = {
						CreatedOnToolsVersion = 11.6;
						TestTargetID = 466C426F249A8748007D033E;
					};
					466C426F249A8748007D033E = {
						CreatedOnToolsVersion = 11.5;
					};
				};
			};
			buildConfigurationList = 466C426B249A8748007D033E /* Build configuration list for PBXProject "labs-ios-starter" */;
			compatibilityVersion = "Xcode 9.3";
			developmentRegion = en;
			hasScannedForEncodings = 0;
			knownRegions = (
				en,
				Base,
			);
			mainGroup = 466C4267249A8748007D033E;
			packageReferences = (
				2BED232725191D65006C5DE8 /* XCRemoteSwiftPackageReference "OktaAuth" */,
			);
			productRefGroup = 466C4271249A8748007D033E /* Products */;
			projectDirPath = "";
			projectRoot = "";
			targets = (
				466C426F249A8748007D033E /* labs-ios-starter */,
				2C87489225239B7F0021889C /* labs-ios-starterTests */,
				2C61BEF72523B94200460C2B /* NetworkingTests */,
			);
		};
/* End PBXProject section */

/* Begin PBXResourcesBuildPhase section */
		2C61BEF62523B94200460C2B /* Resources */ = {
			isa = PBXResourcesBuildPhase;
			buildActionMask = 2147483647;
			files = (
			);
			runOnlyForDeploymentPostprocessing = 0;
		};
		2C87489125239B7F0021889C /* Resources */ = {
			isa = PBXResourcesBuildPhase;
			buildActionMask = 2147483647;
			files = (
			);
			runOnlyForDeploymentPostprocessing = 0;
		};
		466C426E249A8748007D033E /* Resources */ = {
			isa = PBXResourcesBuildPhase;
			buildActionMask = 2147483647;
			files = (
				466C4280249A8749007D033E /* LaunchScreen.storyboard in Resources */,
				2C3CAE8E253619A40099ABF4 /* Poppins-Light.ttf in Resources */,
				2C3CAE93253619A40099ABF4 /* Poppins-SemiBold.ttf in Resources */,
				2C3CAE8F253619A40099ABF4 /* Poppins-Bold.ttf in Resources */,
				2BED2339251922B4006C5DE8 /* Topics.storyboard in Resources */,
				2C3CAE90253619A40099ABF4 /* Poppins-ExtraBold.ttf in Resources */,
				466C427D249A8749007D033E /* Assets.xcassets in Resources */,
				2C3CAE91253619A40099ABF4 /* Poppins-Medium.ttf in Resources */,
				2C429DFE25082A2D002D7F00 /* Wizard.storyboard in Resources */,
				466C427B249A8748007D033E /* Main.storyboard in Resources */,
				2C3CAE92253619A40099ABF4 /* Poppins-Regular.ttf in Resources */,
			);
			runOnlyForDeploymentPostprocessing = 0;
		};
/* End PBXResourcesBuildPhase section */

/* Begin PBXShellScriptBuildPhase section */
		8ABAD098D9A33519C67597CE /* [CP] Check Pods Manifest.lock */ = {
			isa = PBXShellScriptBuildPhase;
			buildActionMask = 2147483647;
			files = (
			);
			inputFileListPaths = (
			);
			inputPaths = (
				"${PODS_PODFILE_DIR_PATH}/Podfile.lock",
				"${PODS_ROOT}/Manifest.lock",
			);
			name = "[CP] Check Pods Manifest.lock";
			outputFileListPaths = (
			);
			outputPaths = (
				"$(DERIVED_FILE_DIR)/Pods-labs-ios-starter-checkManifestLockResult.txt",
			);
			runOnlyForDeploymentPostprocessing = 0;
			shellPath = /bin/sh;
			shellScript = "diff \"${PODS_PODFILE_DIR_PATH}/Podfile.lock\" \"${PODS_ROOT}/Manifest.lock\" > /dev/null\nif [ $? != 0 ] ; then\n    # print error to STDERR\n    echo \"error: The sandbox is not in sync with the Podfile.lock. Run 'pod install' or update your CocoaPods installation.\" >&2\n    exit 1\nfi\n# This output is used by Xcode 'outputs' to avoid re-running this script phase.\necho \"SUCCESS\" > \"${SCRIPT_OUTPUT_FILE_0}\"\n";
			showEnvVarsInLog = 0;
		};
		F4EC14750FFB56AF38B1C0CB /* [CP] Embed Pods Frameworks */ = {
			isa = PBXShellScriptBuildPhase;
			buildActionMask = 2147483647;
			files = (
			);
			inputFileListPaths = (
				"${PODS_ROOT}/Target Support Files/Pods-labs-ios-starter/Pods-labs-ios-starter-frameworks-${CONFIGURATION}-input-files.xcfilelist",
			);
			name = "[CP] Embed Pods Frameworks";
			outputFileListPaths = (
				"${PODS_ROOT}/Target Support Files/Pods-labs-ios-starter/Pods-labs-ios-starter-frameworks-${CONFIGURATION}-output-files.xcfilelist",
			);
			runOnlyForDeploymentPostprocessing = 0;
			shellPath = /bin/sh;
			shellScript = "\"${PODS_ROOT}/Target Support Files/Pods-labs-ios-starter/Pods-labs-ios-starter-frameworks.sh\"\n";
			showEnvVarsInLog = 0;
		};
/* End PBXShellScriptBuildPhase section */

/* Begin PBXSourcesBuildPhase section */
		2C61BEF42523B94200460C2B /* Sources */ = {
			isa = PBXSourcesBuildPhase;
			buildActionMask = 2147483647;
			files = (
				2C3469B3252CBC5400FBFF8B /* MockDataLoader.swift in Sources */,
				2C3469B5252CBDE600FBFF8B /* MockJSON.swift in Sources */,
				2C61BEFB2523B94200460C2B /* NetworkingTests.swift in Sources */,
			);
			runOnlyForDeploymentPostprocessing = 0;
		};
		2C87488F25239B7F0021889C /* Sources */ = {
			isa = PBXSourcesBuildPhase;
			buildActionMask = 2147483647;
			files = (
			);
			runOnlyForDeploymentPostprocessing = 0;
		};
		466C426C249A8748007D033E /* Sources */ = {
			isa = PBXSourcesBuildPhase;
			buildActionMask = 2147483647;
			files = (
				2B9487162534D99100712A0D /* RequestContextViewController.swift in Sources */,
				46BEB4EE24C98ECC00FE0CD1 /* UserController.swift in Sources */,
				2BED231425191C17006C5DE8 /* Topic.swift in Sources */,
				46BF10BE24D388FF001C6753 /* UIViewController+SimpleAlert.swift in Sources */,
				2BED2334251922B4006C5DE8 /* TopicTableViewController.swift in Sources */,
				2BED231925191C17006C5DE8 /* Question.swift in Sources */,
				2BED231C25191C17006C5DE8 /* Sender.swift in Sources */,
				2BED231A25191C17006C5DE8 /* Answer.swift in Sources */,
				2C61BF0E2523CA9C00460C2B /* ContextResults.swift in Sources */,
				46BEB4E724C98D8900FE0CD1 /* Notifications.swift in Sources */,
				463AD24524CF2CDB00447BB8 /* AddProfileViewController.swift in Sources */,
				2CA3591E25311F1A001A5537 /* LeaderAnswersViewController.swift in Sources */,
				2B94871B2534F72700712A0D /* RequestMemberViewController.swift in Sources */,
				466C4274249A8748007D033E /* AppDelegate.swift in Sources */,
				2B94873B2537781B00712A0D /* AnswerContextTableViewCell.swift in Sources */,
				2C1D0757251D0FDE008B9051 /* UserController+API.swift in Sources */,
				2BED23DE2523E866006C5DE8 /* QuestionsTableViewCell.swift in Sources */,
				2BED2338251922B4006C5DE8 /* HomeViewController.swift in Sources */,
				2C1D0751251D0EE5008B9051 /* QuestionResults.swift in Sources */,
				2C61BF082523C44200460C2B /* ContextQuestionsViewController.swift in Sources */,
				2B1916F1252674B50040CB91 /* OktaProfile.swift in Sources */,
				2CA3592225311FD8001A5537 /* AnswersTableViewCell.swift in Sources */,
				2C1D074F251D0ED9008B9051 /* SurveyResults.swift in Sources */,
				2BED231325191C17006C5DE8 /* Survey.swift in Sources */,
				2C61BF0A2523C44200460C2B /* NewTopicViewController.swift in Sources */,
				2C61BF0B2523C44200460C2B /* TopicCodeViewController.swift in Sources */,
				2BED231725191C17006C5DE8 /* User.swift in Sources */,
				2C61BF072523C44200460C2B /* MemberQuestionsViewController.swift in Sources */,
				2BED233A251922B4006C5DE8 /* SurveyViewController.swift in Sources */,
				2BED23D32523DE15006C5DE8 /* FrequencyTableViewCell.swift in Sources */,
				2BED2337251922B4006C5DE8 /* ThreadViewController.swift in Sources */,
				2BED231525191C17006C5DE8 /* Comment.swift in Sources */,
				2C984FE6252F825300A462A1 /* AnswerResults.swift in Sources */,
				2CDE16472534D08E00B61AD2 /* MemberAnswersViewController.swift in Sources */,
				46C2BC9224D432F90077E49D /* ProfileTabBarViewController.swift in Sources */,
				46BEB4E524C98CDC00FE0CD1 /* LoginViewController.swift in Sources */,
				2BED2336251922B4006C5DE8 /* SurveyResponseTableViewCell.swift in Sources */,
				2C7916A82535048D00830C51 /* MemberAnswersTableViewCell.swift in Sources */,
				2BED231B25191C17006C5DE8 /* TopicResults.swift in Sources */,
				2C3469AF252CBAE900FBFF8B /* NetworkDataLoader.swift in Sources */,
				2C61BF092523C44200460C2B /* NameTopicViewController.swift in Sources */,
				2BED231825191C17006C5DE8 /* Context.swift in Sources */,
				466C4276249A8748007D033E /* SceneDelegate.swift in Sources */,
				2BED2335251922B4006C5DE8 /* ProfileDetailViewController.swift in Sources */,
				2C3469B1252CBB4E00FBFF8B /* URLSession+NetworkDataLoader.swift in Sources */,
				2BED231625191C17006C5DE8 /* Message.swift in Sources */,
			);
			runOnlyForDeploymentPostprocessing = 0;
		};
/* End PBXSourcesBuildPhase section */

/* Begin PBXTargetDependency section */
		2C61BEFE2523B94200460C2B /* PBXTargetDependency */ = {
			isa = PBXTargetDependency;
			target = 466C426F249A8748007D033E /* labs-ios-starter */;
			targetProxy = 2C61BEFD2523B94200460C2B /* PBXContainerItemProxy */;
		};
		2C87489925239B7F0021889C /* PBXTargetDependency */ = {
			isa = PBXTargetDependency;
			target = 466C426F249A8748007D033E /* labs-ios-starter */;
			targetProxy = 2C87489825239B7F0021889C /* PBXContainerItemProxy */;
		};
/* End PBXTargetDependency section */

/* Begin PBXVariantGroup section */
		466C4279249A8748007D033E /* Main.storyboard */ = {
			isa = PBXVariantGroup;
			children = (
				466C427A249A8748007D033E /* Base */,
			);
			name = Main.storyboard;
			sourceTree = "<group>";
		};
		466C427E249A8749007D033E /* LaunchScreen.storyboard */ = {
			isa = PBXVariantGroup;
			children = (
				466C427F249A8749007D033E /* Base */,
			);
			name = LaunchScreen.storyboard;
			sourceTree = "<group>";
		};
/* End PBXVariantGroup section */

/* Begin XCBuildConfiguration section */
		2C61BEFF2523B94200460C2B /* Debug */ = {
			isa = XCBuildConfiguration;
			buildSettings = {
				BUNDLE_LOADER = "$(TEST_HOST)";
				CODE_SIGN_STYLE = Automatic;
				DEVELOPMENT_TEAM = W485VTCC9R;
				INFOPLIST_FILE = NetworkingTests/Info.plist;
				IPHONEOS_DEPLOYMENT_TARGET = 13.6;
				LD_RUNPATH_SEARCH_PATHS = (
					"$(inherited)",
					"@executable_path/Frameworks",
					"@loader_path/Frameworks",
				);
				PRODUCT_BUNDLE_IDENTIFIER = com.tobikuyoro.NetworkingTests;
				PRODUCT_NAME = "$(TARGET_NAME)";
				SWIFT_VERSION = 5.0;
				TARGETED_DEVICE_FAMILY = "1,2";
				TEST_HOST = "$(BUILT_PRODUCTS_DIR)/labs-ios-starter.app/labs-ios-starter";
			};
			name = Debug;
		};
		2C61BF002523B94200460C2B /* Release */ = {
			isa = XCBuildConfiguration;
			buildSettings = {
				BUNDLE_LOADER = "$(TEST_HOST)";
				CODE_SIGN_STYLE = Automatic;
				DEVELOPMENT_TEAM = W485VTCC9R;
				INFOPLIST_FILE = NetworkingTests/Info.plist;
				IPHONEOS_DEPLOYMENT_TARGET = 13.6;
				LD_RUNPATH_SEARCH_PATHS = (
					"$(inherited)",
					"@executable_path/Frameworks",
					"@loader_path/Frameworks",
				);
				PRODUCT_BUNDLE_IDENTIFIER = com.tobikuyoro.NetworkingTests;
				PRODUCT_NAME = "$(TARGET_NAME)";
				SWIFT_VERSION = 5.0;
				TARGETED_DEVICE_FAMILY = "1,2";
				TEST_HOST = "$(BUILT_PRODUCTS_DIR)/labs-ios-starter.app/labs-ios-starter";
			};
			name = Release;
		};
		2C87489B25239B7F0021889C /* Debug */ = {
			isa = XCBuildConfiguration;
			buildSettings = {
				BUNDLE_LOADER = "$(TEST_HOST)";
				CODE_SIGN_STYLE = Automatic;
				DEVELOPMENT_TEAM = W485VTCC9R;
				INFOPLIST_FILE = "labs-ios-starterTests/Info.plist";
				IPHONEOS_DEPLOYMENT_TARGET = 13.6;
				LD_RUNPATH_SEARCH_PATHS = (
					"$(inherited)",
					"@executable_path/Frameworks",
					"@loader_path/Frameworks",
				);
				PRODUCT_BUNDLE_IDENTIFIER = "com.tobikuyoro.labs-ios-starterTests";
				PRODUCT_NAME = "$(TARGET_NAME)";
				SWIFT_VERSION = 5.0;
				TARGETED_DEVICE_FAMILY = "1,2";
				TEST_HOST = "$(BUILT_PRODUCTS_DIR)/labs-ios-starter.app/labs-ios-starter";
			};
			name = Debug;
		};
		2C87489C25239B7F0021889C /* Release */ = {
			isa = XCBuildConfiguration;
			buildSettings = {
				BUNDLE_LOADER = "$(TEST_HOST)";
				CODE_SIGN_STYLE = Automatic;
				DEVELOPMENT_TEAM = W485VTCC9R;
				INFOPLIST_FILE = "labs-ios-starterTests/Info.plist";
				IPHONEOS_DEPLOYMENT_TARGET = 13.6;
				LD_RUNPATH_SEARCH_PATHS = (
					"$(inherited)",
					"@executable_path/Frameworks",
					"@loader_path/Frameworks",
				);
				PRODUCT_BUNDLE_IDENTIFIER = "com.tobikuyoro.labs-ios-starterTests";
				PRODUCT_NAME = "$(TARGET_NAME)";
				SWIFT_VERSION = 5.0;
				TARGETED_DEVICE_FAMILY = "1,2";
				TEST_HOST = "$(BUILT_PRODUCTS_DIR)/labs-ios-starter.app/labs-ios-starter";
			};
			name = Release;
		};
		466C4282249A8749007D033E /* Debug */ = {
			isa = XCBuildConfiguration;
			buildSettings = {
				ALWAYS_SEARCH_USER_PATHS = NO;
				CLANG_ANALYZER_NONNULL = YES;
				CLANG_ANALYZER_NUMBER_OBJECT_CONVERSION = YES_AGGRESSIVE;
				CLANG_CXX_LANGUAGE_STANDARD = "gnu++14";
				CLANG_CXX_LIBRARY = "libc++";
				CLANG_ENABLE_MODULES = YES;
				CLANG_ENABLE_OBJC_ARC = YES;
				CLANG_ENABLE_OBJC_WEAK = YES;
				CLANG_WARN_BLOCK_CAPTURE_AUTORELEASING = YES;
				CLANG_WARN_BOOL_CONVERSION = YES;
				CLANG_WARN_COMMA = YES;
				CLANG_WARN_CONSTANT_CONVERSION = YES;
				CLANG_WARN_DEPRECATED_OBJC_IMPLEMENTATIONS = YES;
				CLANG_WARN_DIRECT_OBJC_ISA_USAGE = YES_ERROR;
				CLANG_WARN_DOCUMENTATION_COMMENTS = YES;
				CLANG_WARN_EMPTY_BODY = YES;
				CLANG_WARN_ENUM_CONVERSION = YES;
				CLANG_WARN_INFINITE_RECURSION = YES;
				CLANG_WARN_INT_CONVERSION = YES;
				CLANG_WARN_NON_LITERAL_NULL_CONVERSION = YES;
				CLANG_WARN_OBJC_IMPLICIT_RETAIN_SELF = YES;
				CLANG_WARN_OBJC_LITERAL_CONVERSION = YES;
				CLANG_WARN_OBJC_ROOT_CLASS = YES_ERROR;
				CLANG_WARN_RANGE_LOOP_ANALYSIS = YES;
				CLANG_WARN_STRICT_PROTOTYPES = YES;
				CLANG_WARN_SUSPICIOUS_MOVE = YES;
				CLANG_WARN_UNGUARDED_AVAILABILITY = YES_AGGRESSIVE;
				CLANG_WARN_UNREACHABLE_CODE = YES;
				CLANG_WARN__DUPLICATE_METHOD_MATCH = YES;
				COPY_PHASE_STRIP = NO;
				DEBUG_INFORMATION_FORMAT = dwarf;
				ENABLE_STRICT_OBJC_MSGSEND = YES;
				ENABLE_TESTABILITY = YES;
				GCC_C_LANGUAGE_STANDARD = gnu11;
				GCC_DYNAMIC_NO_PIC = NO;
				GCC_NO_COMMON_BLOCKS = YES;
				GCC_OPTIMIZATION_LEVEL = 0;
				GCC_PREPROCESSOR_DEFINITIONS = (
					"DEBUG=1",
					"$(inherited)",
				);
				GCC_WARN_64_TO_32_BIT_CONVERSION = YES;
				GCC_WARN_ABOUT_RETURN_TYPE = YES_ERROR;
				GCC_WARN_UNDECLARED_SELECTOR = YES;
				GCC_WARN_UNINITIALIZED_AUTOS = YES_AGGRESSIVE;
				GCC_WARN_UNUSED_FUNCTION = YES;
				GCC_WARN_UNUSED_VARIABLE = YES;
				IPHONEOS_DEPLOYMENT_TARGET = 13.5;
				MTL_ENABLE_DEBUG_INFO = INCLUDE_SOURCE;
				MTL_FAST_MATH = YES;
				ONLY_ACTIVE_ARCH = YES;
				SDKROOT = iphoneos;
				SWIFT_ACTIVE_COMPILATION_CONDITIONS = DEBUG;
				SWIFT_OPTIMIZATION_LEVEL = "-Onone";
			};
			name = Debug;
		};
		466C4283249A8749007D033E /* Release */ = {
			isa = XCBuildConfiguration;
			buildSettings = {
				ALWAYS_SEARCH_USER_PATHS = NO;
				CLANG_ANALYZER_NONNULL = YES;
				CLANG_ANALYZER_NUMBER_OBJECT_CONVERSION = YES_AGGRESSIVE;
				CLANG_CXX_LANGUAGE_STANDARD = "gnu++14";
				CLANG_CXX_LIBRARY = "libc++";
				CLANG_ENABLE_MODULES = YES;
				CLANG_ENABLE_OBJC_ARC = YES;
				CLANG_ENABLE_OBJC_WEAK = YES;
				CLANG_WARN_BLOCK_CAPTURE_AUTORELEASING = YES;
				CLANG_WARN_BOOL_CONVERSION = YES;
				CLANG_WARN_COMMA = YES;
				CLANG_WARN_CONSTANT_CONVERSION = YES;
				CLANG_WARN_DEPRECATED_OBJC_IMPLEMENTATIONS = YES;
				CLANG_WARN_DIRECT_OBJC_ISA_USAGE = YES_ERROR;
				CLANG_WARN_DOCUMENTATION_COMMENTS = YES;
				CLANG_WARN_EMPTY_BODY = YES;
				CLANG_WARN_ENUM_CONVERSION = YES;
				CLANG_WARN_INFINITE_RECURSION = YES;
				CLANG_WARN_INT_CONVERSION = YES;
				CLANG_WARN_NON_LITERAL_NULL_CONVERSION = YES;
				CLANG_WARN_OBJC_IMPLICIT_RETAIN_SELF = YES;
				CLANG_WARN_OBJC_LITERAL_CONVERSION = YES;
				CLANG_WARN_OBJC_ROOT_CLASS = YES_ERROR;
				CLANG_WARN_RANGE_LOOP_ANALYSIS = YES;
				CLANG_WARN_STRICT_PROTOTYPES = YES;
				CLANG_WARN_SUSPICIOUS_MOVE = YES;
				CLANG_WARN_UNGUARDED_AVAILABILITY = YES_AGGRESSIVE;
				CLANG_WARN_UNREACHABLE_CODE = YES;
				CLANG_WARN__DUPLICATE_METHOD_MATCH = YES;
				COPY_PHASE_STRIP = NO;
				DEBUG_INFORMATION_FORMAT = "dwarf-with-dsym";
				ENABLE_NS_ASSERTIONS = NO;
				ENABLE_STRICT_OBJC_MSGSEND = YES;
				GCC_C_LANGUAGE_STANDARD = gnu11;
				GCC_NO_COMMON_BLOCKS = YES;
				GCC_WARN_64_TO_32_BIT_CONVERSION = YES;
				GCC_WARN_ABOUT_RETURN_TYPE = YES_ERROR;
				GCC_WARN_UNDECLARED_SELECTOR = YES;
				GCC_WARN_UNINITIALIZED_AUTOS = YES_AGGRESSIVE;
				GCC_WARN_UNUSED_FUNCTION = YES;
				GCC_WARN_UNUSED_VARIABLE = YES;
				IPHONEOS_DEPLOYMENT_TARGET = 13.5;
				MTL_ENABLE_DEBUG_INFO = NO;
				MTL_FAST_MATH = YES;
				SDKROOT = iphoneos;
				SWIFT_COMPILATION_MODE = wholemodule;
				SWIFT_OPTIMIZATION_LEVEL = "-O";
				VALIDATE_PRODUCT = YES;
			};
			name = Release;
		};
		466C4285249A8749007D033E /* Debug */ = {
			isa = XCBuildConfiguration;
			baseConfigurationReference = CFEB7377A2439DFB72A0026F /* Pods-labs-ios-starter.debug.xcconfig */;
			buildSettings = {
				ASSETCATALOG_COMPILER_APPICON_NAME = AppIcon;
				CODE_SIGN_STYLE = Automatic;
				INFOPLIST_FILE = "labs-ios-starter/Info.plist";
				IPHONEOS_DEPLOYMENT_TARGET = 13.0;
				LD_RUNPATH_SEARCH_PATHS = (
					"$(inherited)",
					"@executable_path/Frameworks",
				);
				PRODUCT_BUNDLE_IDENTIFIER = com.LambdaSchool.LabsScaffolding;
				PRODUCT_NAME = "$(TARGET_NAME)";
				SWIFT_VERSION = 5.0;
				TARGETED_DEVICE_FAMILY = "1,2";
			};
			name = Debug;
		};
		466C4286249A8749007D033E /* Release */ = {
			isa = XCBuildConfiguration;
			baseConfigurationReference = FCCD66662884B1EBA13EDBD8 /* Pods-labs-ios-starter.release.xcconfig */;
			buildSettings = {
				ASSETCATALOG_COMPILER_APPICON_NAME = AppIcon;
				CODE_SIGN_STYLE = Automatic;
				INFOPLIST_FILE = "labs-ios-starter/Info.plist";
				IPHONEOS_DEPLOYMENT_TARGET = 13.0;
				LD_RUNPATH_SEARCH_PATHS = (
					"$(inherited)",
					"@executable_path/Frameworks",
				);
				PRODUCT_BUNDLE_IDENTIFIER = com.LambdaSchool.LabsScaffolding;
				PRODUCT_NAME = "$(TARGET_NAME)";
				SWIFT_VERSION = 5.0;
				TARGETED_DEVICE_FAMILY = "1,2";
			};
			name = Release;
		};
/* End XCBuildConfiguration section */

/* Begin XCConfigurationList section */
		2C61BF012523B94200460C2B /* Build configuration list for PBXNativeTarget "NetworkingTests" */ = {
			isa = XCConfigurationList;
			buildConfigurations = (
				2C61BEFF2523B94200460C2B /* Debug */,
				2C61BF002523B94200460C2B /* Release */,
			);
			defaultConfigurationIsVisible = 0;
			defaultConfigurationName = Release;
		};
		2C87489A25239B7F0021889C /* Build configuration list for PBXNativeTarget "labs-ios-starterTests" */ = {
			isa = XCConfigurationList;
			buildConfigurations = (
				2C87489B25239B7F0021889C /* Debug */,
				2C87489C25239B7F0021889C /* Release */,
			);
			defaultConfigurationIsVisible = 0;
			defaultConfigurationName = Release;
		};
		466C426B249A8748007D033E /* Build configuration list for PBXProject "labs-ios-starter" */ = {
			isa = XCConfigurationList;
			buildConfigurations = (
				466C4282249A8749007D033E /* Debug */,
				466C4283249A8749007D033E /* Release */,
			);
			defaultConfigurationIsVisible = 0;
			defaultConfigurationName = Release;
		};
		466C4284249A8749007D033E /* Build configuration list for PBXNativeTarget "labs-ios-starter" */ = {
			isa = XCConfigurationList;
			buildConfigurations = (
				466C4285249A8749007D033E /* Debug */,
				466C4286249A8749007D033E /* Release */,
			);
			defaultConfigurationIsVisible = 0;
			defaultConfigurationName = Release;
		};
/* End XCConfigurationList section */

/* Begin XCRemoteSwiftPackageReference section */
		2BED232725191D65006C5DE8 /* XCRemoteSwiftPackageReference "OktaAuth" */ = {
			isa = XCRemoteSwiftPackageReference;
			repositoryURL = "https://github.com/SpencerCurtis/OktaAuth.git";
			requirement = {
				kind = upToNextMajorVersion;
				minimumVersion = 1.0.0;
			};
		};
/* End XCRemoteSwiftPackageReference section */

/* Begin XCSwiftPackageProductDependency section */
		2BED232825191D65006C5DE8 /* OktaAuth */ = {
			isa = XCSwiftPackageProductDependency;
			package = 2BED232725191D65006C5DE8 /* XCRemoteSwiftPackageReference "OktaAuth" */;
			productName = OktaAuth;
		};
/* End XCSwiftPackageProductDependency section */
	};
	rootObject = 466C4268249A8748007D033E /* Project object */;
}
